
Microsoft Visual Studio Solution File, Format Version 12.00
# Visual Studio Version 16
VisualStudioVersion = 16.0.31205.134
MinimumVisualStudioVersion = 10.0.40219.1
Project("{FAE04EC0-301F-11D3-BF4B-00C04F79EFBC}") = "YoucastService", "src\YoucastService\YoucastService.csproj", "{36735CDF-1CB6-40C1-8B61-5FC73EB67D41}"
EndProject
Project("{FAE04EC0-301F-11D3-BF4B-00C04F79EFBC}") = "Service", "src\Service\Service.csproj", "{9D512757-C17F-45AA-B0F0-5702AEB7A437}"
EndProject
Global
	GlobalSection(SolutionConfigurationPlatforms) = preSolution
		Debug|Any CPU = Debug|Any CPU
		Release|Any CPU = Release|Any CPU
	EndGlobalSection
	GlobalSection(ProjectConfigurationPlatforms) = postSolution
		{36735CDF-1CB6-40C1-8B61-5FC73EB67D41}.Debug|Any CPU.ActiveCfg = Debug|Any CPU
		{36735CDF-1CB6-40C1-8B61-5FC73EB67D41}.Debug|Any CPU.Build.0 = Debug|Any CPU
		{36735CDF-1CB6-40C1-8B61-5FC73EB67D41}.Release|Any CPU.ActiveCfg = Release|Any CPU
		{36735CDF-1CB6-40C1-8B61-5FC73EB67D41}.Release|Any CPU.Build.0 = Release|Any CPU
		{9D512757-C17F-45AA-B0F0-5702AEB7A437}.Debug|Any CPU.ActiveCfg = Debug|Any CPU
		{9D512757-C17F-45AA-B0F0-5702AEB7A437}.Debug|Any CPU.Build.0 = Debug|Any CPU
		{9D512757-C17F-45AA-B0F0-5702AEB7A437}.Release|Any CPU.ActiveCfg = Release|Any CPU
		{9D512757-C17F-45AA-B0F0-5702AEB7A437}.Release|Any CPU.Build.0 = Release|Any CPU
	EndGlobalSection
	GlobalSection(SolutionProperties) = preSolution
		HideSolutionNode = FALSE
	EndGlobalSection
	GlobalSection(ExtensibilityGlobals) = postSolution
		SolutionGuid = {413AA185-B0A9-4F91-99BC-4EDAAE9B10DC}
	EndGlobalSection
EndGlobal
